# THIS IS AN AUTOGENERATED FILE. DO NOT EDIT THIS FILE DIRECTLY.
# yarn lockfile v1


"@rails/actiontext@^8.1.300":
  version "8.1.300"
  resolved "https://registry.yarnpkg.com/@rails/actiontext/-/actiontext-8.1.300.tgz#0b6d0a40e8ca8ba2caf5a0077e10b5503183a044"
  integrity sha512-KPbLfZTt6aFKbdeTlU7ZzmX0uSSNhhfZx3G+2lfa6HltQ/r23HDcJnJOEVt72WKJo13IS5C5HK0sYwplVMCdNw==
  dependencies:
    "@rails/activestorage" ">= 8.1.0-alpha"

"@rails/activestorage@>= 8.1.0-alpha":
  version "8.1.300"
  resolved "https://registry.yarnpkg.com/@rails/activestorage/-/activestorage-8.1.300.tgz#624a6f291e0414c07c3d02ed3d1e6ee85c94277b"
  integrity sha512-AOv3zZrTJjQlzm4L9uzOQtCz6zaM4IqUyux6yzSqmS+PZ8EzwD1F2JAc4LlJNJAv4MSyNYriG+CaCm1QbQTjsA==
  dependencies:
    spark-md5 "^3.0.1"

"@types/trusted-types@^2.0.7":
  version "2.0.7"
  resolved "https://registry.yarnpkg.com/@types/trusted-types/-/trusted-types-2.0.7.tgz#baccb07a970b91707df3a3e8ba6896c57ead2d11"
  integrity sha512-ScaPdn1dQczgbl0QFTeTOmVHFULt394XJgOQNoyVhZ6r2vLnMLJfBPd53SB52T/3G36VI1/g2MZaX0cwDuXsfw==

bootstrap-icons@^1.13.1:
  version "1.13.1"
  resolved "https://registry.yarnpkg.com/bootstrap-icons/-/bootstrap-icons-1.13.1.tgz#0aad3f5b55b67402990e729ce3883416f9cef6c5"
  integrity sha512-ijombt4v6bv5CLeXvRWKy7CuM3TRTuPEuGaGKvTV5cz65rQSY8RQ2JcHt6b90cBBAC7s8fsf2EkQDldzCoXUjw==

dompurify@^3.2.5:
  version "3.4.1"
  resolved "https://registry.yarnpkg.com/dompurify/-/dompurify-3.4.1.tgz#521d04483ac12631b2aedf434a5f5390933b8789"
  integrity sha512-JahakDAIg1gyOm7dlgWSDjV4n7Ip2PKR55NIT6jrMfIgLFgWo81vdr1/QGqWtFNRqXP9UV71oVePtjqS2ebnPw==
  optionalDependencies:
    "@types/trusted-types" "^2.0.7"

spark-md5@^3.0.1:
  version "3.0.2"
  resolved "https://registry.yarnpkg.com/spark-md5/-/spark-md5-3.0.2.tgz#7952c4a30784347abcee73268e473b9c0167e3fc"
  integrity sha512-wcFzz9cDfbuqe0FZzfi2or1sgyIrsDwmPwfZC4hiNidPdPINjeUwNfv5kldczoEAcjl9Y1L3SM7Uz2PUEQzxQw==

trix@^2.1.18:
  version "2.1.18"
  resolved "https://registry.yarnpkg.com/trix/-/trix-2.1.18.tgz#d87a5be64c10ecdab64f5af47f941b5318c08225"
  integrity sha512-DWOdTsz3n9PO3YBc1R6pGh9MG1cXys/2+rouc/qsISncjc2MBew2UOW8nXh3NjUOjobKsXCIPR6LB02abg2EYg==
  dependencies:
    dompurify "^3.2.5"
